
Microsoft Visual Studio Solution File, Format Version 12.00
# Visual Studio Version 16
VisualStudioVersion = 16.0.33328.57
MinimumVisualStudioVersion = 10.0.40219.1
Project("{FAE04EC0-301F-11D3-BF4B-00C04F79EFBC}") = "Ifelse", "Ifelse\Ifelse.csproj", "{C8869D75-6AFB-4BF4-97FE-436DD1271AAD}"
EndProject
Project("{FAE04EC0-301F-11D3-BF4B-00C04F79EFBC}") = "ifif", "ifif\ifif.csproj", "{C0CE94A5-0568-4F0C-837A-3E2E56D5131B}"
EndProject
Project("{FAE04EC0-301F-11D3-BF4B-00C04F79EFBC}") = "p151_ex2", "p151_ex2\p151_ex2.csproj", "{C5244A87-5FAE-4180-B09B-2D794DD5CB4B}"
EndProject
Project("{FAE04EC0-301F-11D3-BF4B-00C04F79EFBC}") = "p151_ex3", "p151_ex3\p151_ex3.csproj", "{1F4F13DE-CD3E-467C-A949-E0857E904A07}"
EndProject
Project("{FAE04EC0-301F-11D3-BF4B-00C04F79EFBC}") = "p151_ex4", "p151_ex4\p151_ex4.csproj", "{BA9162DD-0A39-483E-A626-9730BE0A2E7D}"
EndProject
Global
	GlobalSection(SolutionConfigurationPlatforms) = preSolution
		Debug|Any CPU = Debug|Any CPU
		Release|Any CPU = Release|Any CPU
	EndGlobalSection
	GlobalSection(ProjectConfigurationPlatforms) = postSolution
		{C8869D75-6AFB-4BF4-97FE-436DD1271AAD}.Debug|Any CPU.ActiveCfg = Debug|Any CPU
		{C8869D75-6AFB-4BF4-97FE-436DD1271AAD}.Debug|Any CPU.Build.0 = Debug|Any CPU
		{C8869D75-6AFB-4BF4-97FE-436DD1271AAD}.Release|Any CPU.ActiveCfg = Release|Any CPU
		{C8869D75-6AFB-4BF4-97FE-436DD1271AAD}.Release|Any CPU.Build.0 = Release|Any CPU
		{C0CE94A5-0568-4F0C-837A-3E2E56D5131B}.Debug|Any CPU.ActiveCfg = Debug|Any CPU
		{C0CE94A5-0568-4F0C-837A-3E2E56D5131B}.Debug|Any CPU.Build.0 = Debug|Any CPU
		{C0CE94A5-0568-4F0C-837A-3E2E56D5131B}.Release|Any CPU.ActiveCfg = Release|Any CPU
		{C0CE94A5-0568-4F0C-837A-3E2E56D5131B}.Release|Any CPU.Build.0 = Release|Any CPU
		{C5244A87-5FAE-4180-B09B-2D794DD5CB4B}.Debug|Any CPU.ActiveCfg = Debug|Any CPU
		{C5244A87-5FAE-4180-B09B-2D794DD5CB4B}.Debug|Any CPU.Build.0 = Debug|Any CPU
		{C5244A87-5FAE-4180-B09B-2D794DD5CB4B}.Release|Any CPU.ActiveCfg = Release|Any CPU
		{C5244A87-5FAE-4180-B09B-2D794DD5CB4B}.Release|Any CPU.Build.0 = Release|Any CPU
		{1F4F13DE-CD3E-467C-A949-E0857E904A07}.Debug|Any CPU.ActiveCfg = Debug|Any CPU
		{1F4F13DE-CD3E-467C-A949-E0857E904A07}.Debug|Any CPU.Build.0 = Debug|Any CPU
		{1F4F13DE-CD3E-467C-A949-E0857E904A07}.Release|Any CPU.ActiveCfg = Release|Any CPU
		{1F4F13DE-CD3E-467C-A949-E0857E904A07}.Release|Any CPU.Build.0 = Release|Any CPU
		{BA9162DD-0A39-483E-A626-9730BE0A2E7D}.Debug|Any CPU.ActiveCfg = Debug|Any CPU
		{BA9162DD-0A39-483E-A626-9730BE0A2E7D}.Debug|Any CPU.Build.0 = Debug|Any CPU
		{BA9162DD-0A39-483E-A626-9730BE0A2E7D}.Release|Any CPU.ActiveCfg = Release|Any CPU
		{BA9162DD-0A39-483E-A626-9730BE0A2E7D}.Release|Any CPU.Build.0 = Release|Any CPU
	EndGlobalSection
	GlobalSection(SolutionProperties) = preSolution
		HideSolutionNode = FALSE
	EndGlobalSection
	GlobalSection(ExtensibilityGlobals) = postSolution
		SolutionGuid = {437B3D1F-9383-471E-A90B-4ABAA395B366}
	EndGlobalSection
EndGlobal
